github.com/popperjs/popper-core v2.9.2+incompatible h1:79aegxWU0Efzru0yRC1PViXx/lutzrKZdzGcvge/7SI=
github.com/popperjs/popper-core v2.9.2+incompatible/go.mod h1:rrRYxxxrr6Y+9S8V9ttEFhsPN5sFPapL1QOzxjoDz0o=
github.com/twbs/bootstrap v5.0.1+incompatible h1:XW1ZMrcg2ZTTQFKtE/i5HUagYsAao/hqfN30dJeBpVk=
github.com/twbs/bootstrap v5.0.1+incompatible/go.mod h1:fZTSrkpSf0/HkL0IIJzvVspTt1r9zuf7XlZau8kpcY0=
